dependencies:
- name: migrations
  repository: file://charts/migrations
  version: 0.1.6
- name: otel
  repository: file://charts/otel
  version: 0.2.0
- name: wandb-base
  repository: https://charts.wandb.ai
  version: 0.11.11
- name: wandb-base
  repository: https://charts.wandb.ai
  version: 0.11.11
- name: wandb-base
  repository: https://charts.wandb.ai
  version: 0.11.11
digest: sha256:11be9c366718847a7f76355f54f3816cd7223e2d9feb63a28d90e6397ad0cc50
generated: "2026-04-13T16:19:18.331308-05:00"
